
Microsoft Visual Studio Solution File, Format Version 12.00
# Visual Studio Version 17
VisualStudioVersion = 17.5.33502.453
MinimumVisualStudioVersion = 10.0.40219.1
Project("{D2ABAB84-BF74-430A-B69E-9DC6D40DDA17}") = "CubeVol3", "CubeVol3.dwproj", "{8547AA63-1B7E-4B92-8FAC-EFB86595C655}"
EndProject
Global
	GlobalSection(SolutionConfigurationPlatforms) = preSolution
		Development|Default = Development|Default
	EndGlobalSection
	GlobalSection(ProjectConfigurationPlatforms) = postSolution
		{8547AA63-1B7E-4B92-8FAC-EFB86595C655}.Development|Default.ActiveCfg = Development
		{8547AA63-1B7E-4B92-8FAC-EFB86595C655}.Development|Default.Build.0 = Development
		{8547AA63-1B7E-4B92-8FAC-EFB86595C655}.Development|Default.Deploy.0 = Development
	EndGlobalSection
	GlobalSection(SolutionProperties) = preSolution
		HideSolutionNode = FALSE
	EndGlobalSection
	GlobalSection(ExtensibilityGlobals) = postSolution
		SolutionGuid = {536E5151-0131-42E1-8F3E-8CD88EB60F09}
	EndGlobalSection
EndGlobal
